
Microsoft Visual Studio Solution File, Format Version 12.00
# Visual Studio Version 17
VisualStudioVersion = 17.1.32421.90
MinimumVisualStudioVersion = 10.0.40219.1
Project("{8BC9CEB8-8B4A-11D0-8D11-00A0C91BC942}") = "SortAlgorithms", "SortAlgorithms\SortAlgorithms.vcxproj", "{7D867A95-C96B-416A-8B2E-A278D652287A}"
EndProject
Global
	GlobalSection(SolutionConfigurationPlatforms) = preSolution
		Debug|x64 = Debug|x64
		Debug|x86 = Debug|x86
		Release|x64 = Release|x64
		Release|x86 = Release|x86
	EndGlobalSection
	GlobalSection(ProjectConfigurationPlatforms) = postSolution
		{7D867A95-C96B-416A-8B2E-A278D652287A}.Debug|x64.ActiveCfg = Debug|x64
		{7D867A95-C96B-416A-8B2E-A278D652287A}.Debug|x64.Build.0 = Debug|x64
		{7D867A95-C96B-416A-8B2E-A278D652287A}.Debug|x86.ActiveCfg = Debug|Win32
		{7D867A95-C96B-416A-8B2E-A278D652287A}.Debug|x86.Build.0 = Debug|Win32
		{7D867A95-C96B-416A-8B2E-A278D652287A}.Release|x64.ActiveCfg = Release|x64
		{7D867A95-C96B-416A-8B2E-A278D652287A}.Release|x64.Build.0 = Release|x64
		{7D867A95-C96B-416A-8B2E-A278D652287A}.Release|x86.ActiveCfg = Release|Win32
		{7D867A95-C96B-416A-8B2E-A278D652287A}.Release|x86.Build.0 = Release|Win32
	EndGlobalSection
	GlobalSection(SolutionProperties) = preSolution
		HideSolutionNode = FALSE
	EndGlobalSection
	GlobalSection(ExtensibilityGlobals) = postSolution
		SolutionGuid = {C37F03A4-3C05-4E6A-A700-9E453EBD4E5E}
	EndGlobalSection
EndGlobal
